
Microsoft Visual Studio Solution File, Format Version 12.00
# Visual Studio 2012
Project("{FAE04EC0-301F-11D3-BF4B-00C04F79EFBC}") = "HelloWorld", "HelloWorld\HelloWorld.csproj", "{39AF0887-1012-4884-A2CD-70D7CBEC1CF1}"
EndProject
Project("{FAE04EC0-301F-11D3-BF4B-00C04F79EFBC}") = "HelloWorld.iOS", "iOS\HelloWorld.iOS.csproj", "{14B19FD5-8188-4F2D-9A6B-16777A781ACC}"
EndProject
Project("{FAE04EC0-301F-11D3-BF4B-00C04F79EFBC}") = "HelloWorld.Droid", "Droid\HelloWorld.Droid.csproj", "{5EB6A50B-8AC1-43AF-9986-704261A029D6}"
EndProject
Global
	GlobalSection(SolutionConfigurationPlatforms) = preSolution
		Debug|Any CPU = Debug|Any CPU
		Release|Any CPU = Release|Any CPU
		Debug|iPhoneSimulator = Debug|iPhoneSimulator
		Release|iPhone = Release|iPhone
		Release|iPhoneSimulator = Release|iPhoneSimulator
		Debug|iPhone = Debug|iPhone
	EndGlobalSection
	GlobalSection(ProjectConfigurationPlatforms) = postSolution
		{39AF0887-1012-4884-A2CD-70D7CBEC1CF1}.Debug|Any CPU.ActiveCfg = Debug|Any CPU
		{39AF0887-1012-4884-A2CD-70D7CBEC1CF1}.Debug|Any CPU.Build.0 = Debug|Any CPU
		{39AF0887-1012-4884-A2CD-70D7CBEC1CF1}.Release|Any CPU.ActiveCfg = Release|Any CPU
		{39AF0887-1012-4884-A2CD-70D7CBEC1CF1}.Release|Any CPU.Build.0 = Release|Any CPU
		{39AF0887-1012-4884-A2CD-70D7CBEC1CF1}.Debug|iPhoneSimulator.ActiveCfg = Debug|Any CPU
		{39AF0887-1012-4884-A2CD-70D7CBEC1CF1}.Debug|iPhoneSimulator.Build.0 = Debug|Any CPU
		{39AF0887-1012-4884-A2CD-70D7CBEC1CF1}.Release|iPhone.ActiveCfg = Release|Any CPU
		{39AF0887-1012-4884-A2CD-70D7CBEC1CF1}.Release|iPhone.Build.0 = Release|Any CPU
		{39AF0887-1012-4884-A2CD-70D7CBEC1CF1}.Release|iPhoneSimulator.ActiveCfg = Release|Any CPU
		{39AF0887-1012-4884-A2CD-70D7CBEC1CF1}.Release|iPhoneSimulator.Build.0 = Release|Any CPU
		{39AF0887-1012-4884-A2CD-70D7CBEC1CF1}.Debug|iPhone.ActiveCfg = Debug|Any CPU
		{39AF0887-1012-4884-A2CD-70D7CBEC1CF1}.Debug|iPhone.Build.0 = Debug|Any CPU
		{14B19FD5-8188-4F2D-9A6B-16777A781ACC}.Debug|Any CPU.ActiveCfg = Debug|iPhoneSimulator
		{14B19FD5-8188-4F2D-9A6B-16777A781ACC}.Debug|Any CPU.Build.0 = Debug|iPhoneSimulator
		{14B19FD5-8188-4F2D-9A6B-16777A781ACC}.Release|Any CPU.ActiveCfg = Release|iPhone
		{14B19FD5-8188-4F2D-9A6B-16777A781ACC}.Release|Any CPU.Build.0 = Release|iPhone
		{14B19FD5-8188-4F2D-9A6B-16777A781ACC}.Debug|iPhoneSimulator.ActiveCfg = Debug|iPhoneSimulator
		{14B19FD5-8188-4F2D-9A6B-16777A781ACC}.Debug|iPhoneSimulator.Build.0 = Debug|iPhoneSimulator
		{14B19FD5-8188-4F2D-9A6B-16777A781ACC}.Release|iPhone.ActiveCfg = Release|iPhone
		{14B19FD5-8188-4F2D-9A6B-16777A781ACC}.Release|iPhone.Build.0 = Release|iPhone
		{14B19FD5-8188-4F2D-9A6B-16777A781ACC}.Release|iPhoneSimulator.ActiveCfg = Release|iPhoneSimulator
		{14B19FD5-8188-4F2D-9A6B-16777A781ACC}.Release|iPhoneSimulator.Build.0 = Release|iPhoneSimulator
		{14B19FD5-8188-4F2D-9A6B-16777A781ACC}.Debug|iPhone.ActiveCfg = Debug|iPhone
		{14B19FD5-8188-4F2D-9A6B-16777A781ACC}.Debug|iPhone.Build.0 = Debug|iPhone
		{5EB6A50B-8AC1-43AF-9986-704261A029D6}.Debug|Any CPU.ActiveCfg = Debug|Any CPU
		{5EB6A50B-8AC1-43AF-9986-704261A029D6}.Debug|Any CPU.Build.0 = Debug|Any CPU
		{5EB6A50B-8AC1-43AF-9986-704261A029D6}.Release|Any CPU.ActiveCfg = Release|Any CPU
		{5EB6A50B-8AC1-43AF-9986-704261A029D6}.Release|Any CPU.Build.0 = Release|Any CPU
		{5EB6A50B-8AC1-43AF-9986-704261A029D6}.Debug|iPhoneSimulator.ActiveCfg = Debug|Any CPU
		{5EB6A50B-8AC1-43AF-9986-704261A029D6}.Debug|iPhoneSimulator.Build.0 = Debug|Any CPU
		{5EB6A50B-8AC1-43AF-9986-704261A029D6}.Release|iPhone.ActiveCfg = Release|Any CPU
		{5EB6A50B-8AC1-43AF-9986-704261A029D6}.Release|iPhone.Build.0 = Release|Any CPU
		{5EB6A50B-8AC1-43AF-9986-704261A029D6}.Release|iPhoneSimulator.ActiveCfg = Release|Any CPU
		{5EB6A50B-8AC1-43AF-9986-704261A029D6}.Release|iPhoneSimulator.Build.0 = Release|Any CPU
		{5EB6A50B-8AC1-43AF-9986-704261A029D6}.Debug|iPhone.ActiveCfg = Debug|Any CPU
		{5EB6A50B-8AC1-43AF-9986-704261A029D6}.Debug|iPhone.Build.0 = Debug|Any CPU
	EndGlobalSection
EndGlobal
