
Microsoft Visual Studio Solution File, Format Version 12.00
# Visual Studio 2012
Project("{FAE04EC0-301F-11D3-BF4B-00C04F79EFBC}") = "CarouselDemo", "CarouselDemo\CarouselDemo.csproj", "{0705EDF4-83B7-41ED-8BEF-F7303178A7D5}"
EndProject
Project("{FAE04EC0-301F-11D3-BF4B-00C04F79EFBC}") = "CarouselDemo.iOS", "iOS\CarouselDemo.iOS.csproj", "{4D317ADD-EDD1-4FCD-9E8A-83A15650785A}"
EndProject
Project("{FAE04EC0-301F-11D3-BF4B-00C04F79EFBC}") = "CarouselDemo.Droid", "Droid\CarouselDemo.Droid.csproj", "{502FBB35-29EC-40EB-8735-AE4832A57BA2}"
EndProject
Global
	GlobalSection(SolutionConfigurationPlatforms) = preSolution
		Debug|Any CPU = Debug|Any CPU
		Release|Any CPU = Release|Any CPU
		Debug|iPhoneSimulator = Debug|iPhoneSimulator
		Release|iPhone = Release|iPhone
		Release|iPhoneSimulator = Release|iPhoneSimulator
		Debug|iPhone = Debug|iPhone
	EndGlobalSection
	GlobalSection(ProjectConfigurationPlatforms) = postSolution
		{0705EDF4-83B7-41ED-8BEF-F7303178A7D5}.Debug|Any CPU.ActiveCfg = Debug|Any CPU
		{0705EDF4-83B7-41ED-8BEF-F7303178A7D5}.Debug|Any CPU.Build.0 = Debug|Any CPU
		{0705EDF4-83B7-41ED-8BEF-F7303178A7D5}.Release|Any CPU.ActiveCfg = Release|Any CPU
		{0705EDF4-83B7-41ED-8BEF-F7303178A7D5}.Release|Any CPU.Build.0 = Release|Any CPU
		{0705EDF4-83B7-41ED-8BEF-F7303178A7D5}.Debug|iPhoneSimulator.ActiveCfg = Debug|Any CPU
		{0705EDF4-83B7-41ED-8BEF-F7303178A7D5}.Debug|iPhoneSimulator.Build.0 = Debug|Any CPU
		{0705EDF4-83B7-41ED-8BEF-F7303178A7D5}.Release|iPhone.ActiveCfg = Release|Any CPU
		{0705EDF4-83B7-41ED-8BEF-F7303178A7D5}.Release|iPhone.Build.0 = Release|Any CPU
		{0705EDF4-83B7-41ED-8BEF-F7303178A7D5}.Release|iPhoneSimulator.ActiveCfg = Release|Any CPU
		{0705EDF4-83B7-41ED-8BEF-F7303178A7D5}.Release|iPhoneSimulator.Build.0 = Release|Any CPU
		{0705EDF4-83B7-41ED-8BEF-F7303178A7D5}.Debug|iPhone.ActiveCfg = Debug|Any CPU
		{0705EDF4-83B7-41ED-8BEF-F7303178A7D5}.Debug|iPhone.Build.0 = Debug|Any CPU
		{4D317ADD-EDD1-4FCD-9E8A-83A15650785A}.Debug|Any CPU.ActiveCfg = Debug|iPhoneSimulator
		{4D317ADD-EDD1-4FCD-9E8A-83A15650785A}.Debug|Any CPU.Build.0 = Debug|iPhoneSimulator
		{4D317ADD-EDD1-4FCD-9E8A-83A15650785A}.Release|Any CPU.ActiveCfg = Release|iPhone
		{4D317ADD-EDD1-4FCD-9E8A-83A15650785A}.Release|Any CPU.Build.0 = Release|iPhone
		{4D317ADD-EDD1-4FCD-9E8A-83A15650785A}.Debug|iPhoneSimulator.ActiveCfg = Debug|iPhoneSimulator
		{4D317ADD-EDD1-4FCD-9E8A-83A15650785A}.Debug|iPhoneSimulator.Build.0 = Debug|iPhoneSimulator
		{4D317ADD-EDD1-4FCD-9E8A-83A15650785A}.Release|iPhone.ActiveCfg = Release|iPhone
		{4D317ADD-EDD1-4FCD-9E8A-83A15650785A}.Release|iPhone.Build.0 = Release|iPhone
		{4D317ADD-EDD1-4FCD-9E8A-83A15650785A}.Release|iPhoneSimulator.ActiveCfg = Release|iPhoneSimulator
		{4D317ADD-EDD1-4FCD-9E8A-83A15650785A}.Release|iPhoneSimulator.Build.0 = Release|iPhoneSimulator
		{4D317ADD-EDD1-4FCD-9E8A-83A15650785A}.Debug|iPhone.ActiveCfg = Debug|iPhone
		{4D317ADD-EDD1-4FCD-9E8A-83A15650785A}.Debug|iPhone.Build.0 = Debug|iPhone
		{502FBB35-29EC-40EB-8735-AE4832A57BA2}.Debug|Any CPU.ActiveCfg = Debug|Any CPU
		{502FBB35-29EC-40EB-8735-AE4832A57BA2}.Debug|Any CPU.Build.0 = Debug|Any CPU
		{502FBB35-29EC-40EB-8735-AE4832A57BA2}.Release|Any CPU.ActiveCfg = Release|Any CPU
		{502FBB35-29EC-40EB-8735-AE4832A57BA2}.Release|Any CPU.Build.0 = Release|Any CPU
		{502FBB35-29EC-40EB-8735-AE4832A57BA2}.Debug|iPhoneSimulator.ActiveCfg = Debug|Any CPU
		{502FBB35-29EC-40EB-8735-AE4832A57BA2}.Debug|iPhoneSimulator.Build.0 = Debug|Any CPU
		{502FBB35-29EC-40EB-8735-AE4832A57BA2}.Release|iPhone.ActiveCfg = Release|Any CPU
		{502FBB35-29EC-40EB-8735-AE4832A57BA2}.Release|iPhone.Build.0 = Release|Any CPU
		{502FBB35-29EC-40EB-8735-AE4832A57BA2}.Release|iPhoneSimulator.ActiveCfg = Release|Any CPU
		{502FBB35-29EC-40EB-8735-AE4832A57BA2}.Release|iPhoneSimulator.Build.0 = Release|Any CPU
		{502FBB35-29EC-40EB-8735-AE4832A57BA2}.Debug|iPhone.ActiveCfg = Debug|Any CPU
		{502FBB35-29EC-40EB-8735-AE4832A57BA2}.Debug|iPhone.Build.0 = Debug|Any CPU
	EndGlobalSection
EndGlobal
