
Microsoft Visual Studio Solution File, Format Version 12.00
# Visual Studio 2012
Project("{FAE04EC0-301F-11D3-BF4B-00C04F79EFBC}") = "PlatosCalculator", "PlatosCalculator\PlatosCalculator.csproj", "{4798153E-9F08-4F71-95A6-1449587D2FDD}"
EndProject
Project("{FAE04EC0-301F-11D3-BF4B-00C04F79EFBC}") = "PlatosCalculator.iOS", "iOS\PlatosCalculator.iOS.csproj", "{3C8C2149-2EDF-49E4-AA4C-74729E1BB89A}"
EndProject
Project("{FAE04EC0-301F-11D3-BF4B-00C04F79EFBC}") = "PlatosCalculator.Droid", "Droid\PlatosCalculator.Droid.csproj", "{41502BF4-4F80-481A-9B70-9793809CBCC9}"
EndProject
Global
	GlobalSection(SolutionConfigurationPlatforms) = preSolution
		Debug|Any CPU = Debug|Any CPU
		Release|Any CPU = Release|Any CPU
		Debug|iPhoneSimulator = Debug|iPhoneSimulator
		Release|iPhone = Release|iPhone
		Release|iPhoneSimulator = Release|iPhoneSimulator
		Debug|iPhone = Debug|iPhone
	EndGlobalSection
	GlobalSection(ProjectConfigurationPlatforms) = postSolution
		{4798153E-9F08-4F71-95A6-1449587D2FDD}.Debug|Any CPU.ActiveCfg = Debug|Any CPU
		{4798153E-9F08-4F71-95A6-1449587D2FDD}.Debug|Any CPU.Build.0 = Debug|Any CPU
		{4798153E-9F08-4F71-95A6-1449587D2FDD}.Release|Any CPU.ActiveCfg = Release|Any CPU
		{4798153E-9F08-4F71-95A6-1449587D2FDD}.Release|Any CPU.Build.0 = Release|Any CPU
		{4798153E-9F08-4F71-95A6-1449587D2FDD}.Debug|iPhoneSimulator.ActiveCfg = Debug|Any CPU
		{4798153E-9F08-4F71-95A6-1449587D2FDD}.Debug|iPhoneSimulator.Build.0 = Debug|Any CPU
		{4798153E-9F08-4F71-95A6-1449587D2FDD}.Release|iPhone.ActiveCfg = Release|Any CPU
		{4798153E-9F08-4F71-95A6-1449587D2FDD}.Release|iPhone.Build.0 = Release|Any CPU
		{4798153E-9F08-4F71-95A6-1449587D2FDD}.Release|iPhoneSimulator.ActiveCfg = Release|Any CPU
		{4798153E-9F08-4F71-95A6-1449587D2FDD}.Release|iPhoneSimulator.Build.0 = Release|Any CPU
		{4798153E-9F08-4F71-95A6-1449587D2FDD}.Debug|iPhone.ActiveCfg = Debug|Any CPU
		{4798153E-9F08-4F71-95A6-1449587D2FDD}.Debug|iPhone.Build.0 = Debug|Any CPU
		{3C8C2149-2EDF-49E4-AA4C-74729E1BB89A}.Debug|Any CPU.ActiveCfg = Debug|iPhoneSimulator
		{3C8C2149-2EDF-49E4-AA4C-74729E1BB89A}.Debug|Any CPU.Build.0 = Debug|iPhoneSimulator
		{3C8C2149-2EDF-49E4-AA4C-74729E1BB89A}.Release|Any CPU.ActiveCfg = Release|iPhone
		{3C8C2149-2EDF-49E4-AA4C-74729E1BB89A}.Release|Any CPU.Build.0 = Release|iPhone
		{3C8C2149-2EDF-49E4-AA4C-74729E1BB89A}.Debug|iPhoneSimulator.ActiveCfg = Debug|iPhoneSimulator
		{3C8C2149-2EDF-49E4-AA4C-74729E1BB89A}.Debug|iPhoneSimulator.Build.0 = Debug|iPhoneSimulator
		{3C8C2149-2EDF-49E4-AA4C-74729E1BB89A}.Release|iPhone.ActiveCfg = Release|iPhone
		{3C8C2149-2EDF-49E4-AA4C-74729E1BB89A}.Release|iPhone.Build.0 = Release|iPhone
		{3C8C2149-2EDF-49E4-AA4C-74729E1BB89A}.Release|iPhoneSimulator.ActiveCfg = Release|iPhoneSimulator
		{3C8C2149-2EDF-49E4-AA4C-74729E1BB89A}.Release|iPhoneSimulator.Build.0 = Release|iPhoneSimulator
		{3C8C2149-2EDF-49E4-AA4C-74729E1BB89A}.Debug|iPhone.ActiveCfg = Debug|iPhone
		{3C8C2149-2EDF-49E4-AA4C-74729E1BB89A}.Debug|iPhone.Build.0 = Debug|iPhone
		{41502BF4-4F80-481A-9B70-9793809CBCC9}.Debug|Any CPU.ActiveCfg = Debug|Any CPU
		{41502BF4-4F80-481A-9B70-9793809CBCC9}.Debug|Any CPU.Build.0 = Debug|Any CPU
		{41502BF4-4F80-481A-9B70-9793809CBCC9}.Release|Any CPU.ActiveCfg = Release|Any CPU
		{41502BF4-4F80-481A-9B70-9793809CBCC9}.Release|Any CPU.Build.0 = Release|Any CPU
		{41502BF4-4F80-481A-9B70-9793809CBCC9}.Debug|iPhoneSimulator.ActiveCfg = Debug|Any CPU
		{41502BF4-4F80-481A-9B70-9793809CBCC9}.Debug|iPhoneSimulator.Build.0 = Debug|Any CPU
		{41502BF4-4F80-481A-9B70-9793809CBCC9}.Release|iPhone.ActiveCfg = Release|Any CPU
		{41502BF4-4F80-481A-9B70-9793809CBCC9}.Release|iPhone.Build.0 = Release|Any CPU
		{41502BF4-4F80-481A-9B70-9793809CBCC9}.Release|iPhoneSimulator.ActiveCfg = Release|Any CPU
		{41502BF4-4F80-481A-9B70-9793809CBCC9}.Release|iPhoneSimulator.Build.0 = Release|Any CPU
		{41502BF4-4F80-481A-9B70-9793809CBCC9}.Debug|iPhone.ActiveCfg = Debug|Any CPU
		{41502BF4-4F80-481A-9B70-9793809CBCC9}.Debug|iPhone.Build.0 = Debug|Any CPU
	EndGlobalSection
EndGlobal
